{
  "requires": true,
  "lockfileVersion": 1,
  "dependencies": {
    "@types/node": {
      "version": "13.1.6",
      "resolved": "https://registry.npmjs.org/@types/node/-/node-13.1.6.tgz",
      "integrity": "sha512-Jg1F+bmxcpENHP23sVKkNuU3uaxPnsBMW0cLjleiikFKomJQbsn0Cqk2yDvQArqzZN6ABfBkZ0To7pQ8sLdWDg==",
      "dev": true
    },
    "@types/puppeteer": {
      "version": "2.0.0",
      "resolved": "https://registry.npmjs.org/@types/puppeteer/-/puppeteer-2.0.0.tgz",
      "integrity": "sha512-QPHXIcaPcijMbvizoM7PRL97Rm+aM8J2DmgTz2tt79b15PqbyeaCppYonvPLHQ/Q5ea92BUHDpv4bsqtiTy8kQ==",
      "dev": true,
      "requires": {
        "@types/node": "*"
      }
    }
  }
}
